
Microsoft Visual Studio Solution File, Format Version 12.00
# Visual Studio Version 16
VisualStudioVersion = 16.0.31205.134
MinimumVisualStudioVersion = 10.0.40219.1
Project("{FAE04EC0-301F-11D3-BF4B-00C04F79EFBC}") = "SalesWebMvc", "SalesWebMvc.csproj", "{456A9464-FF05-406E-94A2-D12351C6CFF4}"
EndProject
Global
	GlobalSection(SolutionConfigurationPlatforms) = preSolution
		Debug|Any CPU = Debug|Any CPU
		Release|Any CPU = Release|Any CPU
	EndGlobalSection
	GlobalSection(ProjectConfigurationPlatforms) = postSolution
		{456A9464-FF05-406E-94A2-D12351C6CFF4}.Debug|Any CPU.ActiveCfg = Debug|Any CPU
		{456A9464-FF05-406E-94A2-D12351C6CFF4}.Debug|Any CPU.Build.0 = Debug|Any CPU
		{456A9464-FF05-406E-94A2-D12351C6CFF4}.Release|Any CPU.ActiveCfg = Release|Any CPU
		{456A9464-FF05-406E-94A2-D12351C6CFF4}.Release|Any CPU.Build.0 = Release|Any CPU
	EndGlobalSection
	GlobalSection(SolutionProperties) = preSolution
		HideSolutionNode = FALSE
	EndGlobalSection
	GlobalSection(ExtensibilityGlobals) = postSolution
		SolutionGuid = {98CE2E18-FEF8-49AE-B94F-4CD50744A051}
	EndGlobalSection
EndGlobal
